
Microsoft Visual Studio Solution File, Format Version 12.00
# Visual Studio Version 16
VisualStudioVersion = 16.0.31911.196
MinimumVisualStudioVersion = 10.0.40219.1
Project("{FAE04EC0-301F-11D3-BF4B-00C04F79EFBC}") = "RSS_Okuma", "RSS_Okuma\RSS_Okuma.csproj", "{2B0F5C47-01B9-4710-B515-F1768B4BD394}"
EndProject
Global
	GlobalSection(SolutionConfigurationPlatforms) = preSolution
		Debug|Any CPU = Debug|Any CPU
		Release|Any CPU = Release|Any CPU
	EndGlobalSection
	GlobalSection(ProjectConfigurationPlatforms) = postSolution
		{2B0F5C47-01B9-4710-B515-F1768B4BD394}.Debug|Any CPU.ActiveCfg = Debug|Any CPU
		{2B0F5C47-01B9-4710-B515-F1768B4BD394}.Debug|Any CPU.Build.0 = Debug|Any CPU
		{2B0F5C47-01B9-4710-B515-F1768B4BD394}.Release|Any CPU.ActiveCfg = Release|Any CPU
		{2B0F5C47-01B9-4710-B515-F1768B4BD394}.Release|Any CPU.Build.0 = Release|Any CPU
	EndGlobalSection
	GlobalSection(SolutionProperties) = preSolution
		HideSolutionNode = FALSE
	EndGlobalSection
	GlobalSection(ExtensibilityGlobals) = postSolution
		SolutionGuid = {17D87DF2-CFE3-4B2C-A524-B1A80640685D}
	EndGlobalSection
EndGlobal
